
Microsoft Visual Studio Solution File, Format Version 12.00
# Visual Studio 15
VisualStudioVersion = 15.0.28307.779
MinimumVisualStudioVersion = 10.0.40219.1
Project("{9A19103F-16F7-4668-BE54-9A1E7A4F7556}") = "Lab1", "WebApplication2\Lab1.csproj", "{370E1AA5-D4C2-44F7-96E9-36FD2C21EA6D}"
EndProject
Project("{FAE04EC0-301F-11D3-BF4B-00C04F79EFBC}") = "ContosoUniversity", "ContosoUniversity\ContosoUniversity.csproj", "{9D578579-2468-40DA-89A4-22BE64D3D40A}"
EndProject
Global
	GlobalSection(SolutionConfigurationPlatforms) = preSolution
		Debug|Any CPU = Debug|Any CPU
		Release|Any CPU = Release|Any CPU
	EndGlobalSection
	GlobalSection(ProjectConfigurationPlatforms) = postSolution
		{370E1AA5-D4C2-44F7-96E9-36FD2C21EA6D}.Debug|Any CPU.ActiveCfg = Debug|Any CPU
		{370E1AA5-D4C2-44F7-96E9-36FD2C21EA6D}.Debug|Any CPU.Build.0 = Debug|Any CPU
		{370E1AA5-D4C2-44F7-96E9-36FD2C21EA6D}.Release|Any CPU.ActiveCfg = Release|Any CPU
		{370E1AA5-D4C2-44F7-96E9-36FD2C21EA6D}.Release|Any CPU.Build.0 = Release|Any CPU
		{9D578579-2468-40DA-89A4-22BE64D3D40A}.Debug|Any CPU.ActiveCfg = Debug|Any CPU
		{9D578579-2468-40DA-89A4-22BE64D3D40A}.Debug|Any CPU.Build.0 = Debug|Any CPU
		{9D578579-2468-40DA-89A4-22BE64D3D40A}.Release|Any CPU.ActiveCfg = Release|Any CPU
		{9D578579-2468-40DA-89A4-22BE64D3D40A}.Release|Any CPU.Build.0 = Release|Any CPU
	EndGlobalSection
	GlobalSection(SolutionProperties) = preSolution
		HideSolutionNode = FALSE
	EndGlobalSection
	GlobalSection(ExtensibilityGlobals) = postSolution
		SolutionGuid = {A528B8C5-9824-457F-9D5E-6227F130EAC8}
	EndGlobalSection
EndGlobal
